// !$*UTF8*$!
{
	archiveVersion = 1;
	classes = {
	};
	objectVersion = 46;
	objects = {

/* Begin PBXBuildFile section */
		AC9C39F619FFB1560029DCC3 /* main.m in Sources */ = {isa = PBXBuildFile; fileRef = AC9C39F519FFB1560029DCC3 /* main.m */; };
		AC9C39F919FFB1560029DCC3 /* AppDelegate.m in Sources */ = {isa = PBXBuildFile; fileRef = AC9C39F819FFB1560029DCC3 /* AppDelegate.m */; };
		AC9C39FC19FFB1560029DCC3 /* ViewController.m in Sources */ = {isa = PBXBuildFile; fileRef = AC9C39FB19FFB1560029DCC3 /* ViewController.m */; };
		AC9C39FF19FFB1560029DCC3 /* Main.storyboard in Resources */ = {isa = PBXBuildFile; fileRef = AC9C39FD19FFB1560029DCC3 /* Main.storyboard */; };
		AC9C3A0119FFB1560029DCC3 /* Images.xcassets in Resources */ = {isa = PBXBuildFile; fileRef = AC9C3A0019FFB1560029DCC3 /* Images.xcassets */; };
		AC9C3A0419FFB1560029DCC3 /* LaunchScreen.xib in Resources */ = {isa = PBXBuildFile; fileRef = AC9C3A0219FFB1560029DCC3 /* LaunchScreen.xib */; };
		AC9C3A1019FFB1560029DCC3 /* countTests.m in Sources */ = {isa = PBXBuildFile; fileRef = AC9C3A0F19FFB1560029DCC3 /* countTests.m */; };
/* End PBXBuildFile section */

/* Begin PBXContainerItemProxy section */
		AC9C3A0A19FFB1560029DCC3 /* PBXContainerItemProxy */ = {
			isa = PBXContainerItemProxy;
			containerPortal = AC9C39E819FFB1560029DCC3 /* Project object */;
			proxyType = 1;
			remoteGlobalIDString = AC9C39EF19FFB1560029DCC3;
			remoteInfo = count;
		};
/* End PBXContainerItemProxy section */

/* Begin PBXFileReference section */
		AC9C39F019FFB1560029DCC3 /* count.app */ = {isa = PBXFileReference; explicitFileType = wrapper.application; includeInIndex = 0; path = count.app; sourceTree = BUILT_PRODUCTS_DIR; };
		AC9C39F419FFB1560029DCC3 /* Info.plist */ = {isa = PBXFileReference; lastKnownFileType = text.plist.xml; path = Info.plist; sourceTree = "<group>"; };
		AC9C39F519FFB1560029DCC3 /* main.m */ = {isa = PBXFileReference; lastKnownFileType = sourcecode.c.objc; path = main.m; sourceTree = "<group>"; };
		AC9C39F719FFB1560029DCC3 /* AppDelegate.h */ = {isa = PBXFileReference; lastKnownFileType = sourcecode.c.h; path = AppDelegate.h; sourceTree = "<group>"; };
		AC9C39F819FFB1560029DCC3 /* AppDelegate.m */ = {isa = PBXFileReference; lastKnownFileType = sourcecode.c.objc; path = AppDelegate.m; sourceTree = "<group>"; };
		AC9C39FA19FFB1560029DCC3 /* ViewController.h */ = {isa = PBXFileReference; lastKnownFileType = sourcecode.c.h; path = ViewController.h; sourceTree = "<group>"; };
		AC9C39FB19FFB1560029DCC3 /* ViewController.m */ = {isa = PBXFileReference; lastKnownFileType = sourcecode.c.objc; path = ViewController.m; sourceTree = "<group>"; };
		AC9C39FE19FFB1560029DCC3 /* Base */ = {isa = PBXFileReference; lastKnownFileType = file.storyboard; name = Base; path = Base.lproj/Main.storyboard; sourceTree = "<group>"; };
		AC9C3A0019FFB1560029DCC3 /* Images.xcassets */ = {isa = PBXFileReference; lastKnownFileType = folder.assetcatalog; path = Images.xcassets; sourceTree = "<group>"; };
		AC9C3A0319FFB1560029DCC3 /* Base */ = {isa = PBXFileReference; lastKnownFileType = file.xib; name = Base; path = Base.lproj/LaunchScreen.xib; sourceTree = "<group>"; };
		AC9C3A0919FFB1560029DCC3 /* countTests.xctest */ = {isa = PBXFileReference; explicitFileType = wrapper.cfbundle; includeInIndex = 0; path = countTests.xctest; sourceTree = BUILT_PRODUCTS_DIR; };
		AC9C3A0E19FFB1560029DCC3 /* Info.plist */ = {isa = PBXFileReference; lastKnownFileType = text.plist.xml; path = Info.plist; sourceTree = "<group>"; };
		AC9C3A0F19FFB1560029DCC3 /* countTests.m */ = {isa = PBXFileReference; lastKnownFileType = sourcecode.c.objc; path = countTests.m; sourceTree = "<group>"; };
/* End PBXFileReference section */

/* Begin PBXFrameworksBuildPhase section */
		AC9C39ED19FFB1560029DCC3 /* Frameworks */ = {
			isa = PBXFrameworksBuildPhase;
			buildActionMask = 2147483647;
			files = (
			);
			runOnlyForDeploymentPostprocessing = 0;
		};
		AC9C3A0619FFB1560029DCC3 /* Frameworks */ = {
			isa = PBXFrameworksBuildPhase;
			buildActionMask = 2147483647;
			files = (
			);
			runOnlyForDeploymentPostprocessing = 0;
		};
/* End PBXFrameworksBuildPhase section */

/* Begin PBXGroup section */
		AC9C39E719FFB1550029DCC3 = {
			isa = PBXGroup;
			children = (
				AC9C39F219FFB1560029DCC3 /* count */,
				AC9C3A0C19FFB1560029DCC3 /* countTests */,
				AC9C39F119FFB1560029DCC3 /* Products */,
			);
			sourceTree = "<group>";
		};
		AC9C39F119FFB1560029DCC3 /* Products */ = {
			isa = PBXGroup;
			children = (
				AC9C39F019FFB1560029DCC3 /* count.app */,
				AC9C3A0919FFB1560029DCC3 /* countTests.xctest */,
			);
			name = Products;
			sourceTree = "<group>";
		};
		AC9C39F219FFB1560029DCC3 /* count */ = {
			isa = PBXGroup;
			children = (
				AC9C39F719FFB1560029DCC3 /* AppDelegate.h */,
				AC9C39F819FFB1560029DCC3 /* AppDelegate.m */,
				AC9C39FA19FFB1560029DCC3 /* ViewController.h */,
				AC9C39FB19FFB1560029DCC3 /* ViewController.m */,
				AC9C39FD19FFB1560029DCC3 /* Main.storyboard */,
				AC9C3A0019FFB1560029DCC3 /* Images.xcassets */,
				AC9C3A0219FFB1560029DCC3 /* LaunchScreen.xib */,
				AC9C39F319FFB1560029DCC3 /* Supporting Files */,
			);
			path = count;
			sourceTree = "<group>";
		};
		AC9C39F319FFB1560029DCC3 /* Supporting Files */ = {
			isa = PBXGroup;
			children = (
				AC9C39F419FFB1560029DCC3 /* Info.plist */,
				AC9C39F519FFB1560029DCC3 /* main.m */,
			);
			name = "Supporting Files";
			sourceTree = "<group>";
		};
		AC9C3A0C19FFB1560029DCC3 /* countTests */ = {
			isa = PBXGroup;
			children = (
				AC9C3A0F19FFB1560029DCC3 /* countTests.m */,
				AC9C3A0D19FFB1560029DCC3 /* Supporting Files */,
			);
			path = countTests;
			sourceTree = "<group>";
		};
		AC9C3A0D19FFB1560029DCC3 /* Supporting Files */ = {
			isa = PBXGroup;
			children = (
				AC9C3A0E19FFB1560029DCC3 /* Info.plist */,
			);
			name = "Supporting Files";
			sourceTree = "<group>";
		};
/* End PBXGroup section */

/* Begin PBXNativeTarget section */
		AC9C39EF19FFB1560029DCC3 /* count */ = {
			isa = PBXNativeTarget;
			buildConfigurationList = AC9C3A1319FFB1560029DCC3 /* Build configuration list for PBXNativeTarget "count" */;
			buildPhases = (
				AC9C39EC19FFB1560029DCC3 /* Sources */,
				AC9C39ED19FFB1560029DCC3 /* Frameworks */,
				AC9C39EE19FFB1560029DCC3 /* Resources */,
			);
			buildRules = (
			);
			dependencies = (
			);
			name = count;
			productName = count;
			productReference = AC9C39F019FFB1560029DCC3 /* count.app */;
			productType = "com.apple.product-type.application";
		};
		AC9C3A0819FFB1560029DCC3 /* countTests */ = {
			isa = PBXNativeTarget;
			buildConfigurationList = AC9C3A1619FFB1560029DCC3 /* Build configuration list for PBXNativeTarget "countTests" */;
			buildPhases = (
				AC9C3A0519FFB1560029DCC3 /* Sources */,
				AC9C3A0619FFB1560029DCC3 /* Frameworks */,
				AC9C3A0719FFB1560029DCC3 /* Resources */,
			);
			buildRules = (
			);
			dependencies = (
				AC9C3A0B19FFB1560029DCC3 /* PBXTargetDependency */,
			);
			name = countTests;
			productName = countTests;
			productReference = AC9C3A0919FFB1560029DCC3 /* countTests.xctest */;
			productType = "com.apple.product-type.bundle.unit-test";
		};
/* End PBXNativeTarget section */

/* Begin PBXProject section */
		AC9C39E819FFB1560029DCC3 /* Project object */ = {
			isa = PBXProject;
			attributes = {
				LastUpgradeCheck = 0600;
				ORGANIZATIONNAME = ryu;
				TargetAttributes = {
					AC9C39EF19FFB1560029DCC3 = {
						CreatedOnToolsVersion = 6.0.1;
					};
					AC9C3A0819FFB1560029DCC3 = {
						CreatedOnToolsVersion = 6.0.1;
						TestTargetID = AC9C39EF19FFB1560029DCC3;
					};
				};
			};
			buildConfigurationList = AC9C39EB19FFB1560029DCC3 /* Build configuration list for PBXProject "count" */;
			compatibilityVersion = "Xcode 3.2";
			developmentRegion = English;
			hasScannedForEncodings = 0;
			knownRegions = (
				en,
				Base,
			);
			mainGroup = AC9C39E719FFB1550029DCC3;
			productRefGroup = AC9C39F119FFB1560029DCC3 /* Products */;
			projectDirPath = "";
			projectRoot = "";
			targets = (
				AC9C39EF19FFB1560029DCC3 /* count */,
				AC9C3A0819FFB1560029DCC3 /* countTests */,
			);
		};
/* End PBXProject section */

/* Begin PBXResourcesBuildPhase section */
		AC9C39EE19FFB1560029DCC3 /* Resources */ = {
			isa = PBXResourcesBuildPhase;
			buildActionMask = 2147483647;
			files = (
				AC9C39FF19FFB1560029DCC3 /* Main.storyboard in Resources */,
				AC9C3A0419FFB1560029DCC3 /* LaunchScreen.xib in Resources */,
				AC9C3A0119FFB1560029DCC3 /* Images.xcassets in Resources */,
			);
			runOnlyForDeploymentPostprocessing = 0;
		};
		AC9C3A0719FFB1560029DCC3 /* Resources */ = {
			isa = PBXResourcesBuildPhase;
			buildActionMask = 2147483647;
			files = (
			);
			runOnlyForDeploymentPostprocessing = 0;
		};
/* End PBXResourcesBuildPhase section */

/* Begin PBXSourcesBuildPhase section */
		AC9C39EC19FFB1560029DCC3 /* Sources */ = {
			isa = PBXSourcesBuildPhase;
			buildActionMask = 2147483647;
			files = (
				AC9C39FC19FFB1560029DCC3 /* ViewController.m in Sources */,
				AC9C39F919FFB1560029DCC3 /* AppDelegate.m in Sources */,
				AC9C39F619FFB1560029DCC3 /* main.m in Sources */,
			);
			runOnlyForDeploymentPostprocessing = 0;
		};
		AC9C3A0519FFB1560029DCC3 /* Sources */ = {
			isa = PBXSourcesBuildPhase;
			buildActionMask = 2147483647;
			files = (
				AC9C3A1019FFB1560029DCC3 /* countTests.m in Sources */,
			);
			runOnlyForDeploymentPostprocessing = 0;
		};
/* End PBXSourcesBuildPhase section */

/* Begin PBXTargetDependency section */
		AC9C3A0B19FFB1560029DCC3 /* PBXTargetDependency */ = {
			isa = PBXTargetDependency;
			target = AC9C39EF19FFB1560029DCC3 /* count */;
			targetProxy = AC9C3A0A19FFB1560029DCC3 /* PBXContainerItemProxy */;
		};
/* End PBXTargetDependency section */

/* Begin PBXVariantGroup section */
		AC9C39FD19FFB1560029DCC3 /* Main.storyboard */ = {
			isa = PBXVariantGroup;
			children = (
				AC9C39FE19FFB1560029DCC3 /* Base */,
			);
			name = Main.storyboard;
			sourceTree = "<group>";
		};
		AC9C3A0219FFB1560029DCC3 /* LaunchScreen.xib */ = {
			isa = PBXVariantGroup;
			children = (
				AC9C3A0319FFB1560029DCC3 /* Base */,
			);
			name = LaunchScreen.xib;
			sourceTree = "<group>";
		};
/* End PBXVariantGroup section */

/* Begin XCBuildConfiguration section */
		AC9C3A1119FFB1560029DCC3 /* Debug */ = {
			isa = XCBuildConfiguration;
			buildSettings = {
				ALWAYS_SEARCH_USER_PATHS = NO;
				CLANG_CXX_LANGUAGE_STANDARD = "gnu++0x";
				CLANG_CXX_LIBRARY = "libc++";
				CLANG_ENABLE_MODULES = YES;
				CLANG_ENABLE_OBJC_ARC = YES;
				CLANG_WARN_BOOL_CONVERSION = YES;
				CLANG_WARN_CONSTANT_CONVERSION = YES;
				CLANG_WARN_DIRECT_OBJC_ISA_USAGE = YES_ERROR;
				CLANG_WARN_EMPTY_BODY = YES;
				CLANG_WARN_ENUM_CONVERSION = YES;
				CLANG_WARN_INT_CONVERSION = YES;
				CLANG_WARN_OBJC_ROOT_CLASS = YES_ERROR;
				CLANG_WARN_UNREACHABLE_CODE = YES;
				CLANG_WARN__DUPLICATE_METHOD_MATCH = YES;
				"CODE_SIGN_IDENTITY[sdk=iphoneos*]" = "iPhone Developer";
				COPY_PHASE_STRIP = NO;
				ENABLE_STRICT_OBJC_MSGSEND = YES;
				GCC_C_LANGUAGE_STANDARD = gnu99;
				GCC_DYNAMIC_NO_PIC = NO;
				GCC_OPTIMIZATION_LEVEL = 0;
				GCC_PREPROCESSOR_DEFINITIONS = (
					"DEBUG=1",
					"$(inherited)",
				);
				GCC_SYMBOLS_PRIVATE_EXTERN = NO;
				GCC_WARN_64_TO_32_BIT_CONVERSION = YES;
				GCC_WARN_ABOUT_RETURN_TYPE = YES_ERROR;
				GCC_WARN_UNDECLARED_SELECTOR = YES;
				GCC_WARN_UNINITIALIZED_AUTOS = YES_AGGRESSIVE;
				GCC_WARN_UNUSED_FUNCTION = YES;
				GCC_WARN_UNUSED_VARIABLE = YES;
				IPHONEOS_DEPLOYMENT_TARGET = 8.0;
				MTL_ENABLE_DEBUG_INFO = YES;
				ONLY_ACTIVE_ARCH = YES;
				SDKROOT = iphoneos;
			};
			name = Debug;
		};
		AC9C3A1219FFB1560029DCC3 /* Release */ = {
			isa = XCBuildConfiguration;
			buildSettings = {
				ALWAYS_SEARCH_USER_PATHS = NO;
				CLANG_CXX_LANGUAGE_STANDARD = "gnu++0x";
				CLANG_CXX_LIBRARY = "libc++";
				CLANG_ENABLE_MODULES = YES;
				CLANG_ENABLE_OBJC_ARC = YES;
				CLANG_WARN_BOOL_CONVERSION = YES;
				CLANG_WARN_CONSTANT_CONVERSION = YES;
				CLANG_WARN_DIRECT_OBJC_ISA_USAGE = YES_ERROR;
				CLANG_WARN_EMPTY_BODY = YES;
				CLANG_WARN_ENUM_CONVERSION = YES;
				CLANG_WARN_INT_CONVERSION = YES;
				CLANG_WARN_OBJC_ROOT_CLASS = YES_ERROR;
				CLANG_WARN_UNREACHABLE_CODE = YES;
				CLANG_WARN__DUPLICATE_METHOD_MATCH = YES;
				"CODE_SIGN_IDENTITY[sdk=iphoneos*]" = "iPhone Developer";
				COPY_PHASE_STRIP = YES;
				ENABLE_NS_ASSERTIONS = NO;
				ENABLE_STRICT_OBJC_MSGSEND = YES;
				GCC_C_LANGUAGE_STANDARD = gnu99;
				GCC_WARN_64_TO_32_BIT_CONVERSION = YES;
				GCC_WARN_ABOUT_RETURN_TYPE = YES_ERROR;
				GCC_WARN_UNDECLARED_SELECTOR = YES;
				GCC_WARN_UNINITIALIZED_AUTOS = YES_AGGRESSIVE;
				GCC_WARN_UNUSED_FUNCTION = YES;
				GCC_WARN_UNUSED_VARIABLE = YES;
				IPHONEOS_DEPLOYMENT_TARGET = 8.0;
				MTL_ENABLE_DEBUG_INFO = NO;
				SDKROOT = iphoneos;
				VALIDATE_PRODUCT = YES;
			};
			name = Release;
		};
		AC9C3A1419FFB1560029DCC3 /* Debug */ = {
			isa = XCBuildConfiguration;
			buildSettings = {
				ASSETCATALOG_COMPILER_APPICON_NAME = AppIcon;
				INFOPLIST_FILE = count/Info.plist;
				LD_RUNPATH_SEARCH_PATHS = "$(inherited) @executable_path/Frameworks";
				PRODUCT_NAME = "$(TARGET_NAME)";
			};
			name = Debug;
		};
		AC9C3A1519FFB1560029DCC3 /* Release */ = {
			isa = XCBuildConfiguration;
			buildSettings = {
				ASSETCATALOG_COMPILER_APPICON_NAME = AppIcon;
				INFOPLIST_FILE = count/Info.plist;
				LD_RUNPATH_SEARCH_PATHS = "$(inherited) @executable_path/Frameworks";
				PRODUCT_NAME = "$(TARGET_NAME)";
			};
			name = Release;
		};
		AC9C3A1719FFB1560029DCC3 /* Debug */ = {
			isa = XCBuildConfiguration;
			buildSettings = {
				BUNDLE_LOADER = "$(TEST_HOST)";
				FRAMEWORK_SEARCH_PATHS = (
					"$(SDKROOT)/Developer/Library/Frameworks",
					"$(inherited)",
				);
				GCC_PREPROCESSOR_DEFINITIONS = (
					"DEBUG=1",
					"$(inherited)",
				);
				INFOPLIST_FILE = countTests/Info.plist;
				LD_RUNPATH_SEARCH_PATHS = "$(inherited) @executable_path/Frameworks @loader_path/Frameworks";
				PRODUCT_NAME = "$(TARGET_NAME)";
				TEST_HOST = "$(BUILT_PRODUCTS_DIR)/count.app/count";
			};
			name = Debug;
		};
		AC9C3A1819FFB1560029DCC3 /* Release */ = {
			isa = XCBuildConfiguration;
			buildSettings = {
				BUNDLE_LOADER = "$(TEST_HOST)";
				FRAMEWORK_SEARCH_PATHS = (
					"$(SDKROOT)/Developer/Library/Frameworks",
					"$(inherited)",
				);
				INFOPLIST_FILE = countTests/Info.plist;
				LD_RUNPATH_SEARCH_PATHS = "$(inherited) @executable_path/Frameworks @loader_path/Frameworks";
				PRODUCT_NAME = "$(TARGET_NAME)";
				TEST_HOST = "$(BUILT_PRODUCTS_DIR)/count.app/count";
			};
			name = Release;
		};
/* End XCBuildConfiguration section */

/* Begin XCConfigurationList section */
		AC9C39EB19FFB1560029DCC3 /* Build configuration list for PBXProject "count" */ = {
			isa = XCConfigurationList;
			buildConfigurations = (
				AC9C3A1119FFB1560029DCC3 /* Debug */,
				AC9C3A1219FFB1560029DCC3 /* Release */,
			);
			defaultConfigurationIsVisible = 0;
			defaultConfigurationName = Release;
		};
		AC9C3A1319FFB1560029DCC3 /* Build configuration list for PBXNativeTarget "count" */ = {
			isa = XCConfigurationList;
			buildConfigurations = (
				AC9C3A1419FFB1560029DCC3 /* Debug */,
				AC9C3A1519FFB1560029DCC3 /* Release */,
			);
			defaultConfigurationIsVisible = 0;
		};
		AC9C3A1619FFB1560029DCC3 /* Build configuration list for PBXNativeTarget "countTests" */ = {
			isa = XCConfigurationList;
			buildConfigurations = (
				AC9C3A1719FFB1560029DCC3 /* Debug */,
				AC9C3A1819FFB1560029DCC3 /* Release */,
			);
			defaultConfigurationIsVisible = 0;
		};
/* End XCConfigurationList section */
	};
	rootObject = AC9C39E819FFB1560029DCC3 /* Project object */;
}
